<?xml version="1.0" encoding="utf-8"?>
<Project ToolsVersion="4.0" xmlns="http://schemas.microsoft.com/developer/msbuild/2003">
  <ItemGroup>
    <Filter Include="Исходные файлы">
      <UniqueIdentifier>{4FC737F1-C7A5-4376-A066-2A32D752A2FF}</UniqueIdentifier>
      <Extensions>cpp;c;cc;cxx;c++;cppm;ixx;def;odl;idl;hpj;bat;asm;asmx</Extensions>
    </Filter>
    <Filter Include="Файлы заголовков">
      <UniqueIdentifier>{93995380-89BD-4b04-88EB-625FBE52EBFB}</UniqueIdentifier>
      <Extensions>h;hh;hpp;hxx;h++;hm;inl;inc;ipp;xsd</Extensions>
    </Filter>
    <Filter Include="Файлы ресурсов">
      <UniqueIdentifier>{67DA6AB6-F800-4c08-8B7A-83BB121AAD01}</UniqueIdentifier>
      <Extensions>rc;ico;cur;bmp;dlg;rc2;rct;bin;rgs;gif;jpg;jpeg;jpe;resx;tiff;tif;png;wav;mfcribbon-ms</Extensions>
    </Filter>
  </ItemGroup>
  <ItemGroup>
    <None Include="packages.config" />
  </ItemGroup>
  <ItemGroup>
    <ClCompile Include="Source.cpp">
      <Filter>Исходные файлы</Filter>
    </ClCompile>
  </ItemGroup>
  <ItemGroup>
    <Media Include="zvyk.wav">
      <Filter>Файлы ресурсов</Filter>
    </Media>
    <Media Include="button.wav">
      <Filter>Файлы ресурсов</Filter>
    </Media>
    <Media Include="delete.wav">
      <Filter>Файлы ресурсов</Filter>
    </Media>
    <Media Include="expload.wav">
      <Filter>Файлы ресурсов</Filter>
    </Media>
    <Media Include="fon.wav">
      <Filter>Файлы ресурсов</Filter>
    </Media>
    <Media Include="good_final.wav">
      <Filter>Файлы ресурсов</Filter>
    </Media>
    <Media Include="hit.wav">
      <Filter>Файлы ресурсов</Filter>
    </Media>
    <Media Include="wall.wav">
      <Filter>Файлы ресурсов</Filter>
    </Media>
  </ItemGroup>
  <ItemGroup>
    <Image Include="1.bmp">
      <Filter>Файлы ресурсов</Filter>
    </Image>
    <Image Include="2.bmp">
      <Filter>Файлы ресурсов</Filter>
    </Image>
    <Image Include="3.bmp">
      <Filter>Файлы ресурсов</Filter>
    </Image>
    <Image Include="4.bmp">
      <Filter>Файлы ресурсов</Filter>
    </Image>
    <Image Include="33.bmp">
      <Filter>Файлы ресурсов</Filter>
    </Image>
    <Image Include="chose_ball.bmp">
      <Filter>Файлы ресурсов</Filter>
    </Image>
    <Image Include="chose_kolvo.bmp">
      <Filter>Файлы ресурсов</Filter>
    </Image>
    <Image Include="chose_lines.bmp">
      <Filter>Файлы ресурсов</Filter>
    </Image>
    <Image Include="chose_tries.bmp">
      <Filter>Файлы ресурсов</Filter>
    </Image>
    <Image Include="dissapear.bmp">
      <Filter>Файлы ресурсов</Filter>
    </Image>
    <Image Include="done.bmp">
      <Filter>Файлы ресурсов</Filter>
    </Image>
    <Image Include="End.bmp">
      <Filter>Файлы ресурсов</Filter>
    </Image>
    <Image Include="exit_menu.bmp">
      <Filter>Файлы ресурсов</Filter>
    </Image>
    <Image Include="first_lvl_res.bmp">
      <Filter>Файлы ресурсов</Filter>
    </Image>
    <Image Include="light_menu.bmp">
      <Filter>Файлы ресурсов</Filter>
    </Image>
    <Image Include="line.bmp">
      <Filter>Файлы ресурсов</Filter>
    </Image>
    <Image Include="lvl_res.bmp">
      <Filter>Файлы ресурсов</Filter>
    </Image>
    <Image Include="m.bmp">
      <Filter>Файлы ресурсов</Filter>
    </Image>
    <Image Include="menu.bmp">
      <Filter>Файлы ресурсов</Filter>
    </Image>
    <Image Include="menu_record.bmp">
      <Filter>Файлы ресурсов</Filter>
    </Image>
    <Image Include="menu_res.bmp">
      <Filter>Файлы ресурсов</Filter>
    </Image>
    <Image Include="middle_menu.bmp">
      <Filter>Файлы ресурсов</Filter>
    </Image>
    <Image Include="minus.bmp">
      <Filter>Файлы ресурсов</Filter>
    </Image>
    <Image Include="new_record2.bmp">
      <Filter>Файлы ресурсов</Filter>
    </Image>
    <Image Include="pause.bmp">
      <Filter>Файлы ресурсов</Filter>
    </Image>
    <Image Include="new_record.bmp">
      <Filter>Файлы ресурсов</Filter>
    </Image>
    <Image Include="mm.bmp">
      <Filter>Файлы ресурсов</Filter>
    </Image>
    <Image Include="plus.bmp">
      <Filter>Файлы ресурсов</Filter>
    </Image>
    <Image Include="ray.bmp">
      <Filter>Файлы ресурсов</Filter>
    </Image>
    <Image Include="record_menu.bmp">
      <Filter>Файлы ресурсов</Filter>
    </Image>
    <Image Include="settings.bmp">
      <Filter>Файлы ресурсов</Filter>
    </Image>
    <Image Include="settings_exit.bmp">
      <Filter>Файлы ресурсов</Filter>
    </Image>
    <Image Include="settings_menu.bmp">
      <Filter>Файлы ресурсов</Filter>
    </Image>
    <Image Include="settings_square_mus.bmp">
      <Filter>Файлы ресурсов</Filter>
    </Image>
    <Image Include="settings_square_sound.bmp">
      <Filter>Файлы ресурсов</Filter>
    </Image>
    <Image Include="slider.bmp">
      <Filter>Файлы ресурсов</Filter>
    </Image>
    <Image Include="sp.bmp">
      <Filter>Файлы ресурсов</Filter>
    </Image>
    <Image Include="space.bmp">
      <Filter>Файлы ресурсов</Filter>
    </Image>
    <Image Include="space2.bmp">
      <Filter>Файлы ресурсов</Filter>
    </Image>
    <Image Include="space3.bmp">
      <Filter>Файлы ресурсов</Filter>
    </Image>
    <Image Include="special_menu.bmp">
      <Filter>Файлы ресурсов</Filter>
    </Image>
    <Image Include="stars.bmp">
      <Filter>Файлы ресурсов</Filter>
    </Image>
    <Image Include="stars1.bmp">
      <Filter>Файлы ресурсов</Filter>
    </Image>
    <Image Include="start_menu.bmp">
      <Filter>Файлы ресурсов</Filter>
    </Image>
  </ItemGroup>
  <ItemGroup>
    <Font Include="gogoia-deco.ttf" />
  </ItemGroup>
  <ItemGroup>
    <Text Include="record_light.txt" />
    <Text Include="record_middle.txt" />
    <Text Include="record_special.txt" />
  </ItemGroup>
</Project>